{
  "object": {
    "pins": [
      {
        "package": "SwiftUICharts",
        "repositoryURL": "https://github.com/dnik4ov97/SwiftUICharts.git",
        "state": {
          "branch": null,
          "revision": "6328da49955ada059efdb150c68c7c741eb4bb2d",
          "version": "1.5.8"
        }
      }
    ]
  },
  "version": 1
}
